version = 1
requires-python = ">=3.11"
resolution-markers = [
    "python_full_version >= '3.12'",
    "python_full_version < '3.12'",
]

[[package]]
name = "et-xmlfile"
version = "2.0.0"
source = { registry = "https://pypi.org/simple" }
sdist = { url = "https://files.pythonhosted.org/packages/d3/38/af70d7ab1ae9d4da450eeec1fa3918940a5fafb9055e934af8d6eb0c2313/et_xmlfile-2.0.0.tar.gz", hash = "sha256:dab3f4764309081ce75662649be815c4c9081e88f0837825f90fd28317d4da54", size = 17234 }
wheels = [
    { url = "https://files.pythonhosted.org/packages/c1/8b/5fe2cc11fee489817272089c4203e679c63b570a5aaeb18d852ae3cbba6a/et_xmlfile-2.0.0-py3-none-any.whl", hash = "sha256:7a91720bc756843502c3b7504c77b8fe44217c85c537d85037f0f536151b2caa", size = 18059 },
]

[[package]]
name = "numpy"
version = "2.3.0"
source = { registry = "https://pypi.org/simple" }
sdist = { url = "https://files.pythonhosted.org/packages/f3/db/8e12381333aea300890829a0a36bfa738cac95475d88982d538725143fd9/numpy-2.3.0.tar.gz", hash = "sha256:581f87f9e9e9db2cba2141400e160e9dd644ee248788d6f90636eeb8fd9260a6", size = 20382813 }
wheels = [
    { url = "https://files.pythonhosted.org/packages/fd/5f/df67435257d827eb3b8af66f585223dc2c3f2eb7ad0b50cb1dae2f35f494/numpy-2.3.0-cp311-cp311-macosx_10_9_x86_64.whl", hash = "sha256:c3c9fdde0fa18afa1099d6257eb82890ea4f3102847e692193b54e00312a9ae9", size = 21199688 },
    { url = "https://files.pythonhosted.org/packages/e5/ce/aad219575055d6c9ef29c8c540c81e1c38815d3be1fe09cdbe53d48ee838/numpy-2.3.0-cp311-cp311-macosx_11_0_arm64.whl", hash = "sha256:46d16f72c2192da7b83984aa5455baee640e33a9f1e61e656f29adf55e406c2b", size = 14359277 },
    { url = "https://files.pythonhosted.org/packages/29/6b/2d31da8e6d2ec99bed54c185337a87f8fbeccc1cd9804e38217e92f3f5e2/numpy-2.3.0-cp311-cp311-macosx_14_0_arm64.whl", hash = "sha256:a0be278be9307c4ab06b788f2a077f05e180aea817b3e41cebbd5aaf7bd85ed3", size = 5376069 },
    { url = "https://files.pythonhosted.org/packages/7d/2a/6c59a062397553ec7045c53d5fcdad44e4536e54972faa2ba44153bca984/numpy-2.3.0-cp311-cp311-macosx_14_0_x86_64.whl", hash = "sha256:99224862d1412d2562248d4710126355d3a8db7672170a39d6909ac47687a8a4", size = 6913057 },
    { url = "https://files.pythonhosted.org/packages/d5/5a/8df16f258d28d033e4f359e29d3aeb54663243ac7b71504e89deeb813202/numpy-2.3.0-cp311-cp311-manylinux_2_28_aarch64.whl", hash = "sha256:2393a914db64b0ead0ab80c962e42d09d5f385802006a6c87835acb1f58adb96", size = 14568083 },
    { url = "https://files.pythonhosted.org/packages/0a/92/0528a563dfc2cdccdcb208c0e241a4bb500d7cde218651ffb834e8febc50/numpy-2.3.0-cp311-cp311-manylinux_2_28_x86_64.whl", hash = "sha256:7729c8008d55e80784bd113787ce876ca117185c579c0d626f59b87d433ea779", size = 16929402 },
    { url = "https://files.pythonhosted.org/packages/e4/2f/e7a8c8d4a2212c527568d84f31587012cf5497a7271ea1f23332142f634e/numpy-2.3.0-cp311-cp311-musllinux_1_2_aarch64.whl", hash = "sha256:06d4fb37a8d383b769281714897420c5cc3545c79dc427df57fc9b852ee0bf58", size = 15879193 },
    { url = "https://files.pythonhosted.org/packages/e2/c3/dada3f005953847fe35f42ac0fe746f6e1ea90b4c6775e4be605dcd7b578/numpy-2.3.0-cp311-cp311-musllinux_1_2_x86_64.whl", hash = "sha256:c39ec392b5db5088259c68250e342612db82dc80ce044cf16496cf14cf6bc6f8", size = 18665318 },
    { url = "https://files.pythonhosted.org/packages/3b/ae/3f448517dedefc8dd64d803f9d51a8904a48df730e00a3c5fb1e75a60620/numpy-2.3.0-cp311-cp311-win32.whl", hash = "sha256:ee9d3ee70d62827bc91f3ea5eee33153212c41f639918550ac0475e3588da59f", size = 6601108 },
    { url = "https://files.pythonhosted.org/packages/8c/4a/556406d2bb2b9874c8cbc840c962683ac28f21efbc9b01177d78f0199ca1/numpy-2.3.0-cp311-cp311-win_amd64.whl", hash = "sha256:43c55b6a860b0eb44d42341438b03513cf3879cb3617afb749ad49307e164edd", size = 13021525 },
    { url = "https://files.pythonhosted.org/packages/ed/ee/bf54278aef30335ffa9a189f869ea09e1a195b3f4b93062164a3b02678a7/numpy-2.3.0-cp311-cp311-win_arm64.whl", hash = "sha256:2e6a1409eee0cb0316cb64640a49a49ca44deb1a537e6b1121dc7c458a1299a8", size = 10170327 },
    { url = "https://files.pythonhosted.org/packages/89/59/9df493df81ac6f76e9f05cdbe013cdb0c9a37b434f6e594f5bd25e278908/numpy-2.3.0-cp312-cp312-macosx_10_13_x86_64.whl", hash = "sha256:389b85335838155a9076e9ad7f8fdba0827496ec2d2dc32ce69ce7898bde03ba", size = 20897025 },
    { url = "https://files.pythonhosted.org/packages/2f/86/4ff04335901d6cf3a6bb9c748b0097546ae5af35e455ae9b962ebff4ecd7/numpy-2.3.0-cp312-cp312-macosx_11_0_arm64.whl", hash = "sha256:9498f60cd6bb8238d8eaf468a3d5bb031d34cd12556af53510f05fcf581c1b7e", size = 14129882 },
    { url = "https://files.pythonhosted.org/packages/71/8d/a942cd4f959de7f08a79ab0c7e6cecb7431d5403dce78959a726f0f57aa1/numpy-2.3.0-cp312-cp312-macosx_14_0_arm64.whl", hash = "sha256:622a65d40d8eb427d8e722fd410ac3ad4958002f109230bc714fa551044ebae2", size = 5110181 },
    { url = "https://files.pythonhosted.org/packages/86/5d/45850982efc7b2c839c5626fb67fbbc520d5b0d7c1ba1ae3651f2f74c296/numpy-2.3.0-cp312-cp312-macosx_14_0_x86_64.whl", hash = "sha256:b9446d9d8505aadadb686d51d838f2b6688c9e85636a0c3abaeb55ed54756459", size = 6647581 },
    { url = "https://files.pythonhosted.org/packages/1a/c0/c871d4a83f93b00373d3eebe4b01525eee8ef10b623a335ec262b58f4dc1/numpy-2.3.0-cp312-cp312-manylinux_2_28_aarch64.whl", hash = "sha256:50080245365d75137a2bf46151e975de63146ae6d79f7e6bd5c0e85c9931d06a", size = 14262317 },
    { url = "https://files.pythonhosted.org/packages/b7/f6/bc47f5fa666d5ff4145254f9e618d56e6a4ef9b874654ca74c19113bb538/numpy-2.3.0-cp312-cp312-manylinux_2_28_x86_64.whl", hash = "sha256:c24bb4113c66936eeaa0dc1e47c74770453d34f46ee07ae4efd853a2ed1ad10a", size = 16633919 },
    { url = "https://files.pythonhosted.org/packages/f5/b4/65f48009ca0c9b76df5f404fccdea5a985a1bb2e34e97f21a17d9ad1a4ba/numpy-2.3.0-cp312-cp312-musllinux_1_2_aarch64.whl", hash = "sha256:4d8d294287fdf685281e671886c6dcdf0291a7c19db3e5cb4178d07ccf6ecc67", size = 15567651 },
    { url = "https://files.pythonhosted.org/packages/f1/62/5367855a2018578e9334ed08252ef67cc302e53edc869666f71641cad40b/numpy-2.3.0-cp312-cp312-musllinux_1_2_x86_64.whl", hash = "sha256:6295f81f093b7f5769d1728a6bd8bf7466de2adfa771ede944ce6711382b89dc", size = 18361723 },
    { url = "https://files.pythonhosted.org/packages/d4/75/5baed8cd867eabee8aad1e74d7197d73971d6a3d40c821f1848b8fab8b84/numpy-2.3.0-cp312-cp312-win32.whl", hash = "sha256:e6648078bdd974ef5d15cecc31b0c410e2e24178a6e10bf511e0557eed0f2570", size = 6318285 },
    { url = "https://files.pythonhosted.org/packages/bc/49/d5781eaa1a15acb3b3a3f49dc9e2ff18d92d0ce5c2976f4ab5c0a7360250/numpy-2.3.0-cp312-cp312-win_amd64.whl", hash = "sha256:0898c67a58cdaaf29994bc0e2c65230fd4de0ac40afaf1584ed0b02cd74c6fdd", size = 12732594 },
    { url = "https://files.pythonhosted.org/packages/c2/1c/6d343e030815c7c97a1f9fbad00211b47717c7fe446834c224bd5311e6f1/numpy-2.3.0-cp312-cp312-win_arm64.whl", hash = "sha256:bd8df082b6c4695753ad6193018c05aac465d634834dca47a3ae06d4bb22d9ea", size = 9891498 },
    { url = "https://files.pythonhosted.org/packages/73/fc/1d67f751fd4dbafc5780244fe699bc4084268bad44b7c5deb0492473127b/numpy-2.3.0-cp313-cp313-macosx_10_13_x86_64.whl", hash = "sha256:5754ab5595bfa2c2387d241296e0381c21f44a4b90a776c3c1d39eede13a746a", size = 20889633 },
    { url = "https://files.pythonhosted.org/packages/e8/95/73ffdb69e5c3f19ec4530f8924c4386e7ba097efc94b9c0aff607178ad94/numpy-2.3.0-cp313-cp313-macosx_11_0_arm64.whl", hash = "sha256:d11fa02f77752d8099573d64e5fe33de3229b6632036ec08f7080f46b6649959", size = 14151683 },
    { url = "https://files.pythonhosted.org/packages/64/d5/06d4bb31bb65a1d9c419eb5676173a2f90fd8da3c59f816cc54c640ce265/numpy-2.3.0-cp313-cp313-macosx_14_0_arm64.whl", hash = "sha256:aba48d17e87688a765ab1cd557882052f238e2f36545dfa8e29e6a91aef77afe", size = 5102683 },
    { url = "https://files.pythonhosted.org/packages/12/8b/6c2cef44f8ccdc231f6b56013dff1d71138c48124334aded36b1a1b30c5a/numpy-2.3.0-cp313-cp313-macosx_14_0_x86_64.whl", hash = "sha256:4dc58865623023b63b10d52f18abaac3729346a7a46a778381e0e3af4b7f3beb", size = 6640253 },
    { url = "https://files.pythonhosted.org/packages/62/aa/fca4bf8de3396ddb59544df9b75ffe5b73096174de97a9492d426f5cd4aa/numpy-2.3.0-cp313-cp313-manylinux_2_28_aarch64.whl", hash = "sha256:df470d376f54e052c76517393fa443758fefcdd634645bc9c1f84eafc67087f0", size = 14258658 },
    { url = "https://files.pythonhosted.org/packages/1c/12/734dce1087eed1875f2297f687e671cfe53a091b6f2f55f0c7241aad041b/numpy-2.3.0-cp313-cp313-manylinux_2_28_x86_64.whl", hash = "sha256:87717eb24d4a8a64683b7a4e91ace04e2f5c7c77872f823f02a94feee186168f", size = 16628765 },
    { url = "https://files.pythonhosted.org/packages/48/03/ffa41ade0e825cbcd5606a5669962419528212a16082763fc051a7247d76/numpy-2.3.0-cp313-cp313-musllinux_1_2_aarch64.whl", hash = "sha256:d8fa264d56882b59dcb5ea4d6ab6f31d0c58a57b41aec605848b6eb2ef4a43e8", size = 15564335 },
    { url = "https://files.pythonhosted.org/packages/07/58/869398a11863310aee0ff85a3e13b4c12f20d032b90c4b3ee93c3b728393/numpy-2.3.0-cp313-cp313-musllinux_1_2_x86_64.whl", hash = "sha256:e651756066a0eaf900916497e20e02fe1ae544187cb0fe88de981671ee7f6270", size = 18360608 },
    { url = "https://files.pythonhosted.org/packages/2f/8a/5756935752ad278c17e8a061eb2127c9a3edf4ba2c31779548b336f23c8d/numpy-2.3.0-cp313-cp313-win32.whl", hash = "sha256:e43c3cce3b6ae5f94696669ff2a6eafd9a6b9332008bafa4117af70f4b88be6f", size = 6310005 },
    { url = "https://files.pythonhosted.org/packages/08/60/61d60cf0dfc0bf15381eaef46366ebc0c1a787856d1db0c80b006092af84/numpy-2.3.0-cp313-cp313-win_amd64.whl", hash = "sha256:81ae0bf2564cf475f94be4a27ef7bcf8af0c3e28da46770fc904da9abd5279b5", size = 12729093 },
    { url = "https://files.pythonhosted.org/packages/66/31/2f2f2d2b3e3c32d5753d01437240feaa32220b73258c9eef2e42a0832866/numpy-2.3.0-cp313-cp313-win_arm64.whl", hash = "sha256:c8738baa52505fa6e82778580b23f945e3578412554d937093eac9205e845e6e", size = 9885689 },
    { url = "https://files.pythonhosted.org/packages/f1/89/c7828f23cc50f607ceb912774bb4cff225ccae7131c431398ad8400e2c98/numpy-2.3.0-cp313-cp313t-macosx_10_13_x86_64.whl", hash = "sha256:39b27d8b38942a647f048b675f134dd5a567f95bfff481f9109ec308515c51d8", size = 20986612 },
    { url = "https://files.pythonhosted.org/packages/dd/46/79ecf47da34c4c50eedec7511e53d57ffdfd31c742c00be7dc1d5ffdb917/numpy-2.3.0-cp313-cp313t-macosx_11_0_arm64.whl", hash = "sha256:0eba4a1ea88f9a6f30f56fdafdeb8da3774349eacddab9581a21234b8535d3d3", size = 14298953 },
    { url = "https://files.pythonhosted.org/packages/59/44/f6caf50713d6ff4480640bccb2a534ce1d8e6e0960c8f864947439f0ee95/numpy-2.3.0-cp313-cp313t-macosx_14_0_arm64.whl", hash = "sha256:b0f1f11d0a1da54927436505a5a7670b154eac27f5672afc389661013dfe3d4f", size = 5225806 },
    { url = "https://files.pythonhosted.org/packages/a6/43/e1fd1aca7c97e234dd05e66de4ab7a5be54548257efcdd1bc33637e72102/numpy-2.3.0-cp313-cp313t-macosx_14_0_x86_64.whl", hash = "sha256:690d0a5b60a47e1f9dcec7b77750a4854c0d690e9058b7bef3106e3ae9117808", size = 6735169 },
    { url = "https://files.pythonhosted.org/packages/84/89/f76f93b06a03177c0faa7ca94d0856c4e5c4bcaf3c5f77640c9ed0303e1c/numpy-2.3.0-cp313-cp313t-manylinux_2_28_aarch64.whl", hash = "sha256:8b51ead2b258284458e570942137155978583e407babc22e3d0ed7af33ce06f8", size = 14330701 },
    { url = "https://files.pythonhosted.org/packages/aa/f5/4858c3e9ff7a7d64561b20580cf7cc5d085794bd465a19604945d6501f6c/numpy-2.3.0-cp313-cp313t-manylinux_2_28_x86_64.whl", hash = "sha256:aaf81c7b82c73bd9b45e79cfb9476cb9c29e937494bfe9092c26aece812818ad", size = 16692983 },
    { url = "https://files.pythonhosted.org/packages/08/17/0e3b4182e691a10e9483bcc62b4bb8693dbf9ea5dc9ba0b77a60435074bb/numpy-2.3.0-cp313-cp313t-musllinux_1_2_aarch64.whl", hash = "sha256:f420033a20b4f6a2a11f585f93c843ac40686a7c3fa514060a97d9de93e5e72b", size = 15641435 },
    { url = "https://files.pythonhosted.org/packages/4e/d5/463279fda028d3c1efa74e7e8d507605ae87f33dbd0543cf4c4527c8b882/numpy-2.3.0-cp313-cp313t-musllinux_1_2_x86_64.whl", hash = "sha256:d344ca32ab482bcf8735d8f95091ad081f97120546f3d250240868430ce52555", size = 18433798 },
    { url = "https://files.pythonhosted.org/packages/0e/1e/7a9d98c886d4c39a2b4d3a7c026bffcf8fbcaf518782132d12a301cfc47a/numpy-2.3.0-cp313-cp313t-win32.whl", hash = "sha256:48a2e8eaf76364c32a1feaa60d6925eaf32ed7a040183b807e02674305beef61", size = 6438632 },
    { url = "https://files.pythonhosted.org/packages/fe/ab/66fc909931d5eb230107d016861824f335ae2c0533f422e654e5ff556784/numpy-2.3.0-cp313-cp313t-win_amd64.whl", hash = "sha256:ba17f93a94e503551f154de210e4d50c5e3ee20f7e7a1b5f6ce3f22d419b93bb", size = 12868491 },
    { url = "https://files.pythonhosted.org/packages/ee/e8/2c8a1c9e34d6f6d600c83d5ce5b71646c32a13f34ca5c518cc060639841c/numpy-2.3.0-cp313-cp313t-win_arm64.whl", hash = "sha256:f14e016d9409680959691c109be98c436c6249eaf7f118b424679793607b5944", size = 9935345 },
    { url = "https://files.pythonhosted.org/packages/6a/a2/f8c1133f90eaa1c11bbbec1dc28a42054d0ce74bc2c9838c5437ba5d4980/numpy-2.3.0-pp311-pypy311_pp73-macosx_10_15_x86_64.whl", hash = "sha256:80b46117c7359de8167cc00a2c7d823bdd505e8c7727ae0871025a86d668283b", size = 21070759 },
    { url = "https://files.pythonhosted.org/packages/6c/e0/4c05fc44ba28463096eee5ae2a12832c8d2759cc5bcec34ae33386d3ff83/numpy-2.3.0-pp311-pypy311_pp73-macosx_14_0_arm64.whl", hash = "sha256:5814a0f43e70c061f47abd5857d120179609ddc32a613138cbb6c4e9e2dbdda5", size = 5301054 },
    { url = "https://files.pythonhosted.org/packages/8a/3b/6c06cdebe922bbc2a466fe2105f50f661238ea223972a69c7deb823821e7/numpy-2.3.0-pp311-pypy311_pp73-macosx_14_0_x86_64.whl", hash = "sha256:ef6c1e88fd6b81ac6d215ed71dc8cd027e54d4bf1d2682d362449097156267a2", size = 6817520 },
    { url = "https://files.pythonhosted.org/packages/9d/a3/1e536797fd10eb3c5dbd2e376671667c9af19e241843548575267242ea02/numpy-2.3.0-pp311-pypy311_pp73-manylinux_2_28_aarch64.whl", hash = "sha256:33a5a12a45bb82d9997e2c0b12adae97507ad7c347546190a18ff14c28bbca12", size = 14398078 },
    { url = "https://files.pythonhosted.org/packages/7c/61/9d574b10d9368ecb1a0c923952aa593510a20df4940aa615b3a71337c8db/numpy-2.3.0-pp311-pypy311_pp73-manylinux_2_28_x86_64.whl", hash = "sha256:54dfc8681c1906d239e95ab1508d0a533c4a9505e52ee2d71a5472b04437ef97", size = 16751324 },
    { url = "https://files.pythonhosted.org/packages/39/de/bcad52ce972dc26232629ca3a99721fd4b22c1d2bda84d5db6541913ef9c/numpy-2.3.0-pp311-pypy311_pp73-win_amd64.whl", hash = "sha256:e017a8a251ff4d18d71f139e28bdc7c31edba7a507f72b1414ed902cbe48c74d", size = 12924237 },
]

[[package]]
name = "openpyxl"
version = "3.1.5"
source = { registry = "https://pypi.org/simple" }
dependencies = [
    { name = "et-xmlfile" },
]
sdist = { url = "https://files.pythonhosted.org/packages/3d/f9/88d94a75de065ea32619465d2f77b29a0469500e99012523b91cc4141cd1/openpyxl-3.1.5.tar.gz", hash = "sha256:cf0e3cf56142039133628b5acffe8ef0c12bc902d2aadd3e0fe5878dc08d1050", size = 186464 }
wheels = [
    { url = "https://files.pythonhosted.org/packages/c0/da/977ded879c29cbd04de313843e76868e6e13408a94ed6b987245dc7c8506/openpyxl-3.1.5-py2.py3-none-any.whl", hash = "sha256:5282c12b107bffeef825f4617dc029afaf41d0ea60823bbb665ef3079dc79de2", size = 250910 },
]

[[package]]
name = "pandas"
version = "2.3.0"
source = { registry = "https://pypi.org/simple" }
dependencies = [
    { name = "numpy" },
    { name = "python-dateutil" },
    { name = "pytz" },
    { name = "tzdata" },
]
sdist = { url = "https://files.pythonhosted.org/packages/72/51/48f713c4c728d7c55ef7444ba5ea027c26998d96d1a40953b346438602fc/pandas-2.3.0.tar.gz", hash = "sha256:34600ab34ebf1131a7613a260a61dbe8b62c188ec0ea4c296da7c9a06b004133", size = 4484490 }
wheels = [
    { url = "https://files.pythonhosted.org/packages/96/1e/ba313812a699fe37bf62e6194265a4621be11833f5fce46d9eae22acb5d7/pandas-2.3.0-cp311-cp311-macosx_10_9_x86_64.whl", hash = "sha256:8adff9f138fc614347ff33812046787f7d43b3cef7c0f0171b3340cae333f6ca", size = 11551836 },
    { url = "https://files.pythonhosted.org/packages/1b/cc/0af9c07f8d714ea563b12383a7e5bde9479cf32413ee2f346a9c5a801f22/pandas-2.3.0-cp311-cp311-macosx_11_0_arm64.whl", hash = "sha256:e5f08eb9a445d07720776df6e641975665c9ea12c9d8a331e0f6890f2dcd76ef", size = 10807977 },
    { url = "https://files.pythonhosted.org/packages/ee/3e/8c0fb7e2cf4a55198466ced1ca6a9054ae3b7e7630df7757031df10001fd/pandas-2.3.0-cp311-cp311-manylinux_2_17_aarch64.manylinux2014_aarch64.whl", hash = "sha256:fa35c266c8cd1a67d75971a1912b185b492d257092bdd2709bbdebe574ed228d", size = 11788230 },
    { url = "https://files.pythonhosted.org/packages/14/22/b493ec614582307faf3f94989be0f7f0a71932ed6f56c9a80c0bb4a3b51e/pandas-2.3.0-cp311-cp311-manylinux_2_17_x86_64.manylinux2014_x86_64.whl", hash = "sha256:14a0cc77b0f089d2d2ffe3007db58f170dae9b9f54e569b299db871a3ab5bf46", size = 12370423 },
    { url = "https://files.pythonhosted.org/packages/9f/74/b012addb34cda5ce855218a37b258c4e056a0b9b334d116e518d72638737/pandas-2.3.0-cp311-cp311-musllinux_1_2_aarch64.whl", hash = "sha256:c06f6f144ad0a1bf84699aeea7eff6068ca5c63ceb404798198af7eb86082e33", size = 12990594 },
    { url = "https://files.pythonhosted.org/packages/95/81/b310e60d033ab64b08e66c635b94076488f0b6ce6a674379dd5b224fc51c/pandas-2.3.0-cp311-cp311-musllinux_1_2_x86_64.whl", hash = "sha256:ed16339bc354a73e0a609df36d256672c7d296f3f767ac07257801aa064ff73c", size = 13745952 },
    { url = "https://files.pythonhosted.org/packages/25/ac/f6ee5250a8881b55bd3aecde9b8cfddea2f2b43e3588bca68a4e9aaf46c8/pandas-2.3.0-cp311-cp311-win_amd64.whl", hash = "sha256:fa07e138b3f6c04addfeaf56cc7fdb96c3b68a3fe5e5401251f231fce40a0d7a", size = 11094534 },
    { url = "https://files.pythonhosted.org/packages/94/46/24192607058dd607dbfacdd060a2370f6afb19c2ccb617406469b9aeb8e7/pandas-2.3.0-cp312-cp312-macosx_10_13_x86_64.whl", hash = "sha256:2eb4728a18dcd2908c7fccf74a982e241b467d178724545a48d0caf534b38ebf", size = 11573865 },
    { url = "https://files.pythonhosted.org/packages/9f/cc/ae8ea3b800757a70c9fdccc68b67dc0280a6e814efcf74e4211fd5dea1ca/pandas-2.3.0-cp312-cp312-macosx_11_0_arm64.whl", hash = "sha256:b9d8c3187be7479ea5c3d30c32a5d73d62a621166675063b2edd21bc47614027", size = 10702154 },
    { url = "https://files.pythonhosted.org/packages/d8/ba/a7883d7aab3d24c6540a2768f679e7414582cc389876d469b40ec749d78b/pandas-2.3.0-cp312-cp312-manylinux_2_17_aarch64.manylinux2014_aarch64.whl", hash = "sha256:9ff730713d4c4f2f1c860e36c005c7cefc1c7c80c21c0688fd605aa43c9fcf09", size = 11262180 },
    { url = "https://files.pythonhosted.org/packages/01/a5/931fc3ad333d9d87b10107d948d757d67ebcfc33b1988d5faccc39c6845c/pandas-2.3.0-cp312-cp312-manylinux_2_17_x86_64.manylinux2014_x86_64.whl", hash = "sha256:ba24af48643b12ffe49b27065d3babd52702d95ab70f50e1b34f71ca703e2c0d", size = 11991493 },
    { url = "https://files.pythonhosted.org/packages/d7/bf/0213986830a92d44d55153c1d69b509431a972eb73f204242988c4e66e86/pandas-2.3.0-cp312-cp312-musllinux_1_2_aarch64.whl", hash = "sha256:404d681c698e3c8a40a61d0cd9412cc7364ab9a9cc6e144ae2992e11a2e77a20", size = 12470733 },
    { url = "https://files.pythonhosted.org/packages/a4/0e/21eb48a3a34a7d4bac982afc2c4eb5ab09f2d988bdf29d92ba9ae8e90a79/pandas-2.3.0-cp312-cp312-musllinux_1_2_x86_64.whl", hash = "sha256:6021910b086b3ca756755e86ddc64e0ddafd5e58e076c72cb1585162e5ad259b", size = 13212406 },
    { url = "https://files.pythonhosted.org/packages/1f/d9/74017c4eec7a28892d8d6e31ae9de3baef71f5a5286e74e6b7aad7f8c837/pandas-2.3.0-cp312-cp312-win_amd64.whl", hash = "sha256:094e271a15b579650ebf4c5155c05dcd2a14fd4fdd72cf4854b2f7ad31ea30be", size = 10976199 },
    { url = "https://files.pythonhosted.org/packages/d3/57/5cb75a56a4842bbd0511c3d1c79186d8315b82dac802118322b2de1194fe/pandas-2.3.0-cp313-cp313-macosx_10_13_x86_64.whl", hash = "sha256:2c7e2fc25f89a49a11599ec1e76821322439d90820108309bf42130d2f36c983", size = 11518913 },
    { url = "https://files.pythonhosted.org/packages/05/01/0c8785610e465e4948a01a059562176e4c8088aa257e2e074db868f86d4e/pandas-2.3.0-cp313-cp313-macosx_11_0_arm64.whl", hash = "sha256:c6da97aeb6a6d233fb6b17986234cc723b396b50a3c6804776351994f2a658fd", size = 10655249 },
    { url = "https://files.pythonhosted.org/packages/e8/6a/47fd7517cd8abe72a58706aab2b99e9438360d36dcdb052cf917b7bf3bdc/pandas-2.3.0-cp313-cp313-manylinux_2_17_aarch64.manylinux2014_aarch64.whl", hash = "sha256:bb32dc743b52467d488e7a7c8039b821da2826a9ba4f85b89ea95274f863280f", size = 11328359 },
    { url = "https://files.pythonhosted.org/packages/2a/b3/463bfe819ed60fb7e7ddffb4ae2ee04b887b3444feee6c19437b8f834837/pandas-2.3.0-cp313-cp313-manylinux_2_17_x86_64.manylinux2014_x86_64.whl", hash = "sha256:213cd63c43263dbb522c1f8a7c9d072e25900f6975596f883f4bebd77295d4f3", size = 12024789 },
    { url = "https://files.pythonhosted.org/packages/04/0c/e0704ccdb0ac40aeb3434d1c641c43d05f75c92e67525df39575ace35468/pandas-2.3.0-cp313-cp313-musllinux_1_2_aarch64.whl", hash = "sha256:1d2b33e68d0ce64e26a4acc2e72d747292084f4e8db4c847c6f5f6cbe56ed6d8", size = 12480734 },
    { url = "https://files.pythonhosted.org/packages/e9/df/815d6583967001153bb27f5cf075653d69d51ad887ebbf4cfe1173a1ac58/pandas-2.3.0-cp313-cp313-musllinux_1_2_x86_64.whl", hash = "sha256:430a63bae10b5086995db1b02694996336e5a8ac9a96b4200572b413dfdfccb9", size = 13223381 },
    { url = "https://files.pythonhosted.org/packages/79/88/ca5973ed07b7f484c493e941dbff990861ca55291ff7ac67c815ce347395/pandas-2.3.0-cp313-cp313-win_amd64.whl", hash = "sha256:4930255e28ff5545e2ca404637bcc56f031893142773b3468dc021c6c32a1390", size = 10970135 },
    { url = "https://files.pythonhosted.org/packages/24/fb/0994c14d1f7909ce83f0b1fb27958135513c4f3f2528bde216180aa73bfc/pandas-2.3.0-cp313-cp313t-macosx_10_13_x86_64.whl", hash = "sha256:f925f1ef673b4bd0271b1809b72b3270384f2b7d9d14a189b12b7fc02574d575", size = 12141356 },
    { url = "https://files.pythonhosted.org/packages/9d/a2/9b903e5962134497ac4f8a96f862ee3081cb2506f69f8e4778ce3d9c9d82/pandas-2.3.0-cp313-cp313t-macosx_11_0_arm64.whl", hash = "sha256:e78ad363ddb873a631e92a3c063ade1ecfb34cae71e9a2be6ad100f875ac1042", size = 11474674 },
    { url = "https://files.pythonhosted.org/packages/81/3a/3806d041bce032f8de44380f866059437fb79e36d6b22c82c187e65f765b/pandas-2.3.0-cp313-cp313t-manylinux_2_17_aarch64.manylinux2014_aarch64.whl", hash = "sha256:951805d146922aed8357e4cc5671b8b0b9be1027f0619cea132a9f3f65f2f09c", size = 11439876 },
    { url = "https://files.pythonhosted.org/packages/15/aa/3fc3181d12b95da71f5c2537c3e3b3af6ab3a8c392ab41ebb766e0929bc6/pandas-2.3.0-cp313-cp313t-manylinux_2_17_x86_64.manylinux2014_x86_64.whl", hash = "sha256:1a881bc1309f3fce34696d07b00f13335c41f5f5a8770a33b09ebe23261cfc67", size = 11966182 },
    { url = "https://files.pythonhosted.org/packages/37/e7/e12f2d9b0a2c4a2cc86e2aabff7ccfd24f03e597d770abfa2acd313ee46b/pandas-2.3.0-cp313-cp313t-musllinux_1_2_aarch64.whl", hash = "sha256:e1991bbb96f4050b09b5f811253c4f3cf05ee89a589379aa36cd623f21a31d6f", size = 12547686 },
    { url = "https://files.pythonhosted.org/packages/39/c2/646d2e93e0af70f4e5359d870a63584dacbc324b54d73e6b3267920ff117/pandas-2.3.0-cp313-cp313t-musllinux_1_2_x86_64.whl", hash = "sha256:bb3be958022198531eb7ec2008cfc78c5b1eed51af8600c6c5d9160d89d8d249", size = 13231847 },
]

[[package]]
name = "psycopg2-binary"
version = "2.9.10"
source = { registry = "https://pypi.org/simple" }
sdist = { url = "https://files.pythonhosted.org/packages/cb/0e/bdc8274dc0585090b4e3432267d7be4dfbfd8971c0fa59167c711105a6bf/psycopg2-binary-2.9.10.tar.gz", hash = "sha256:4b3df0e6990aa98acda57d983942eff13d824135fe2250e6522edaa782a06de2", size = 385764 }
wheels = [
    { url = "https://files.pythonhosted.org/packages/9c/8f/9feb01291d0d7a0a4c6a6bab24094135c2b59c6a81943752f632c75896d6/psycopg2_binary-2.9.10-cp311-cp311-macosx_12_0_x86_64.whl", hash = "sha256:04392983d0bb89a8717772a193cfaac58871321e3ec69514e1c4e0d4957b5aff", size = 3043397 },
    { url = "https://files.pythonhosted.org/packages/15/30/346e4683532011561cd9c8dfeac6a8153dd96452fee0b12666058ab7893c/psycopg2_binary-2.9.10-cp311-cp311-macosx_14_0_arm64.whl", hash = "sha256:1a6784f0ce3fec4edc64e985865c17778514325074adf5ad8f80636cd029ef7c", size = 3274806 },
    { url = "https://files.pythonhosted.org/packages/66/6e/4efebe76f76aee7ec99166b6c023ff8abdc4e183f7b70913d7c047701b79/psycopg2_binary-2.9.10-cp311-cp311-manylinux_2_17_aarch64.manylinux2014_aarch64.whl", hash = "sha256:b5f86c56eeb91dc3135b3fd8a95dc7ae14c538a2f3ad77a19645cf55bab1799c", size = 2851370 },
    { url = "https://files.pythonhosted.org/packages/7f/fd/ff83313f86b50f7ca089b161b8e0a22bb3c319974096093cd50680433fdb/psycopg2_binary-2.9.10-cp311-cp311-manylinux_2_17_i686.manylinux2014_i686.whl", hash = "sha256:2b3d2491d4d78b6b14f76881905c7a8a8abcf974aad4a8a0b065273a0ed7a2cb", size = 3080780 },
    { url = "https://files.pythonhosted.org/packages/e6/c4/bfadd202dcda8333a7ccafdc51c541dbdfce7c2c7cda89fa2374455d795f/psycopg2_binary-2.9.10-cp311-cp311-manylinux_2_17_ppc64le.manylinux2014_ppc64le.whl", hash = "sha256:2286791ececda3a723d1910441c793be44625d86d1a4e79942751197f4d30341", size = 3264583 },
    { url = "https://files.pythonhosted.org/packages/5d/f1/09f45ac25e704ac954862581f9f9ae21303cc5ded3d0b775532b407f0e90/psycopg2_binary-2.9.10-cp311-cp311-manylinux_2_17_x86_64.manylinux2014_x86_64.whl", hash = "sha256:512d29bb12608891e349af6a0cccedce51677725a921c07dba6342beaf576f9a", size = 3019831 },
    { url = "https://files.pythonhosted.org/packages/9e/2e/9beaea078095cc558f215e38f647c7114987d9febfc25cb2beed7c3582a5/psycopg2_binary-2.9.10-cp311-cp311-musllinux_1_2_aarch64.whl", hash = "sha256:5a507320c58903967ef7384355a4da7ff3f28132d679aeb23572753cbf2ec10b", size = 2871822 },
    { url = "https://files.pythonhosted.org/packages/01/9e/ef93c5d93f3dc9fc92786ffab39e323b9aed066ba59fdc34cf85e2722271/psycopg2_binary-2.9.10-cp311-cp311-musllinux_1_2_i686.whl", hash = "sha256:6d4fa1079cab9018f4d0bd2db307beaa612b0d13ba73b5c6304b9fe2fb441ff7", size = 2820975 },
    { url = "https://files.pythonhosted.org/packages/a5/f0/049e9631e3268fe4c5a387f6fc27e267ebe199acf1bc1bc9cbde4bd6916c/psycopg2_binary-2.9.10-cp311-cp311-musllinux_1_2_ppc64le.whl", hash = "sha256:851485a42dbb0bdc1edcdabdb8557c09c9655dfa2ca0460ff210522e073e319e", size = 2919320 },
    { url = "https://files.pythonhosted.org/packages/dc/9a/bcb8773b88e45fb5a5ea8339e2104d82c863a3b8558fbb2aadfe66df86b3/psycopg2_binary-2.9.10-cp311-cp311-musllinux_1_2_x86_64.whl", hash = "sha256:35958ec9e46432d9076286dda67942ed6d968b9c3a6a2fd62b48939d1d78bf68", size = 2957617 },
    { url = "https://files.pythonhosted.org/packages/e2/6b/144336a9bf08a67d217b3af3246abb1d027095dab726f0687f01f43e8c03/psycopg2_binary-2.9.10-cp311-cp311-win32.whl", hash = "sha256:ecced182e935529727401b24d76634a357c71c9275b356efafd8a2a91ec07392", size = 1024618 },
    { url = "https://files.pythonhosted.org/packages/61/69/3b3d7bd583c6d3cbe5100802efa5beacaacc86e37b653fc708bf3d6853b8/psycopg2_binary-2.9.10-cp311-cp311-win_amd64.whl", hash = "sha256:ee0e8c683a7ff25d23b55b11161c2663d4b099770f6085ff0a20d4505778d6b4", size = 1163816 },
    { url = "https://files.pythonhosted.org/packages/49/7d/465cc9795cf76f6d329efdafca74693714556ea3891813701ac1fee87545/psycopg2_binary-2.9.10-cp312-cp312-macosx_12_0_x86_64.whl", hash = "sha256:880845dfe1f85d9d5f7c412efea7a08946a46894537e4e5d091732eb1d34d9a0", size = 3044771 },
    { url = "https://files.pythonhosted.org/packages/8b/31/6d225b7b641a1a2148e3ed65e1aa74fc86ba3fee850545e27be9e1de893d/psycopg2_binary-2.9.10-cp312-cp312-macosx_14_0_arm64.whl", hash = "sha256:9440fa522a79356aaa482aa4ba500b65f28e5d0e63b801abf6aa152a29bd842a", size = 3275336 },
    { url = "https://files.pythonhosted.org/packages/30/b7/a68c2b4bff1cbb1728e3ec864b2d92327c77ad52edcd27922535a8366f68/psycopg2_binary-2.9.10-cp312-cp312-manylinux_2_17_aarch64.manylinux2014_aarch64.whl", hash = "sha256:e3923c1d9870c49a2d44f795df0c889a22380d36ef92440ff618ec315757e539", size = 2851637 },
    { url = "https://files.pythonhosted.org/packages/0b/b1/cfedc0e0e6f9ad61f8657fd173b2f831ce261c02a08c0b09c652b127d813/psycopg2_binary-2.9.10-cp312-cp312-manylinux_2_17_i686.manylinux2014_i686.whl", hash = "sha256:7b2c956c028ea5de47ff3a8d6b3cc3330ab45cf0b7c3da35a2d6ff8420896526", size = 3082097 },
    { url = "https://files.pythonhosted.org/packages/18/ed/0a8e4153c9b769f59c02fb5e7914f20f0b2483a19dae7bf2db54b743d0d0/psycopg2_binary-2.9.10-cp312-cp312-manylinux_2_17_ppc64le.manylinux2014_ppc64le.whl", hash = "sha256:f758ed67cab30b9a8d2833609513ce4d3bd027641673d4ebc9c067e4d208eec1", size = 3264776 },
    { url = "https://files.pythonhosted.org/packages/10/db/d09da68c6a0cdab41566b74e0a6068a425f077169bed0946559b7348ebe9/psycopg2_binary-2.9.10-cp312-cp312-manylinux_2_17_x86_64.manylinux2014_x86_64.whl", hash = "sha256:8cd9b4f2cfab88ed4a9106192de509464b75a906462fb846b936eabe45c2063e", size = 3020968 },
    { url = "https://files.pythonhosted.org/packages/94/28/4d6f8c255f0dfffb410db2b3f9ac5218d959a66c715c34cac31081e19b95/psycopg2_binary-2.9.10-cp312-cp312-musllinux_1_2_aarch64.whl", hash = "sha256:6dc08420625b5a20b53551c50deae6e231e6371194fa0651dbe0fb206452ae1f", size = 2872334 },
    { url = "https://files.pythonhosted.org/packages/05/f7/20d7bf796593c4fea95e12119d6cc384ff1f6141a24fbb7df5a668d29d29/psycopg2_binary-2.9.10-cp312-cp312-musllinux_1_2_i686.whl", hash = "sha256:d7cd730dfa7c36dbe8724426bf5612798734bff2d3c3857f36f2733f5bfc7c00", size = 2822722 },
    { url = "https://files.pythonhosted.org/packages/4d/e4/0c407ae919ef626dbdb32835a03b6737013c3cc7240169843965cada2bdf/psycopg2_binary-2.9.10-cp312-cp312-musllinux_1_2_ppc64le.whl", hash = "sha256:155e69561d54d02b3c3209545fb08938e27889ff5a10c19de8d23eb5a41be8a5", size = 2920132 },
    { url = "https://files.pythonhosted.org/packages/2d/70/aa69c9f69cf09a01da224909ff6ce8b68faeef476f00f7ec377e8f03be70/psycopg2_binary-2.9.10-cp312-cp312-musllinux_1_2_x86_64.whl", hash = "sha256:c3cc28a6fd5a4a26224007712e79b81dbaee2ffb90ff406256158ec4d7b52b47", size = 2959312 },
    { url = "https://files.pythonhosted.org/packages/d3/bd/213e59854fafe87ba47814bf413ace0dcee33a89c8c8c814faca6bc7cf3c/psycopg2_binary-2.9.10-cp312-cp312-win32.whl", hash = "sha256:ec8a77f521a17506a24a5f626cb2aee7850f9b69a0afe704586f63a464f3cd64", size = 1025191 },
    { url = "https://files.pythonhosted.org/packages/92/29/06261ea000e2dc1e22907dbbc483a1093665509ea586b29b8986a0e56733/psycopg2_binary-2.9.10-cp312-cp312-win_amd64.whl", hash = "sha256:18c5ee682b9c6dd3696dad6e54cc7ff3a1a9020df6a5c0f861ef8bfd338c3ca0", size = 1164031 },
    { url = "https://files.pythonhosted.org/packages/3e/30/d41d3ba765609c0763505d565c4d12d8f3c79793f0d0f044ff5a28bf395b/psycopg2_binary-2.9.10-cp313-cp313-macosx_12_0_x86_64.whl", hash = "sha256:26540d4a9a4e2b096f1ff9cce51253d0504dca5a85872c7f7be23be5a53eb18d", size = 3044699 },
    { url = "https://files.pythonhosted.org/packages/35/44/257ddadec7ef04536ba71af6bc6a75ec05c5343004a7ec93006bee66c0bc/psycopg2_binary-2.9.10-cp313-cp313-macosx_14_0_arm64.whl", hash = "sha256:e217ce4d37667df0bc1c397fdcd8de5e81018ef305aed9415c3b093faaeb10fb", size = 3275245 },
    { url = "https://files.pythonhosted.org/packages/1b/11/48ea1cd11de67f9efd7262085588790a95d9dfcd9b8a687d46caf7305c1a/psycopg2_binary-2.9.10-cp313-cp313-manylinux_2_17_aarch64.manylinux2014_aarch64.whl", hash = "sha256:245159e7ab20a71d989da00f280ca57da7641fa2cdcf71749c193cea540a74f7", size = 2851631 },
    { url = "https://files.pythonhosted.org/packages/62/e0/62ce5ee650e6c86719d621a761fe4bc846ab9eff8c1f12b1ed5741bf1c9b/psycopg2_binary-2.9.10-cp313-cp313-manylinux_2_17_i686.manylinux2014_i686.whl", hash = "sha256:3c4ded1a24b20021ebe677b7b08ad10bf09aac197d6943bfe6fec70ac4e4690d", size = 3082140 },
    { url = "https://files.pythonhosted.org/packages/27/ce/63f946c098611f7be234c0dd7cb1ad68b0b5744d34f68062bb3c5aa510c8/psycopg2_binary-2.9.10-cp313-cp313-manylinux_2_17_ppc64le.manylinux2014_ppc64le.whl", hash = "sha256:3abb691ff9e57d4a93355f60d4f4c1dd2d68326c968e7db17ea96df3c023ef73", size = 3264762 },
    { url = "https://files.pythonhosted.org/packages/43/25/c603cd81402e69edf7daa59b1602bd41eb9859e2824b8c0855d748366ac9/psycopg2_binary-2.9.10-cp313-cp313-manylinux_2_17_x86_64.manylinux2014_x86_64.whl", hash = "sha256:8608c078134f0b3cbd9f89b34bd60a943b23fd33cc5f065e8d5f840061bd0673", size = 3020967 },
    { url = "https://files.pythonhosted.org/packages/5f/d6/8708d8c6fca531057fa170cdde8df870e8b6a9b136e82b361c65e42b841e/psycopg2_binary-2.9.10-cp313-cp313-musllinux_1_2_aarch64.whl", hash = "sha256:230eeae2d71594103cd5b93fd29d1ace6420d0b86f4778739cb1a5a32f607d1f", size = 2872326 },
    { url = "https://files.pythonhosted.org/packages/ce/ac/5b1ea50fc08a9df82de7e1771537557f07c2632231bbab652c7e22597908/psycopg2_binary-2.9.10-cp313-cp313-musllinux_1_2_i686.whl", hash = "sha256:bb89f0a835bcfc1d42ccd5f41f04870c1b936d8507c6df12b7737febc40f0909", size = 2822712 },
    { url = "https://files.pythonhosted.org/packages/c4/fc/504d4503b2abc4570fac3ca56eb8fed5e437bf9c9ef13f36b6621db8ef00/psycopg2_binary-2.9.10-cp313-cp313-musllinux_1_2_ppc64le.whl", hash = "sha256:f0c2d907a1e102526dd2986df638343388b94c33860ff3bbe1384130828714b1", size = 2920155 },
    { url = "https://files.pythonhosted.org/packages/b2/d1/323581e9273ad2c0dbd1902f3fb50c441da86e894b6e25a73c3fda32c57e/psycopg2_binary-2.9.10-cp313-cp313-musllinux_1_2_x86_64.whl", hash = "sha256:f8157bed2f51db683f31306aa497311b560f2265998122abe1dce6428bd86567", size = 2959356 },
    { url = "https://files.pythonhosted.org/packages/08/50/d13ea0a054189ae1bc21af1d85b6f8bb9bbc5572991055d70ad9006fe2d6/psycopg2_binary-2.9.10-cp313-cp313-win_amd64.whl", hash = "sha256:27422aa5f11fbcd9b18da48373eb67081243662f9b46e6fd07c3eb46e4535142", size = 2569224 },
]

[[package]]
name = "python-dateutil"
version = "2.9.0.post0"
source = { registry = "https://pypi.org/simple" }
dependencies = [
    { name = "six" },
]
sdist = { url = "https://files.pythonhosted.org/packages/66/c0/0c8b6ad9f17a802ee498c46e004a0eb49bc148f2fd230864601a86dcf6db/python-dateutil-2.9.0.post0.tar.gz", hash = "sha256:37dd54208da7e1cd875388217d5e00ebd4179249f90fb72437e91a35459a0ad3", size = 342432 }
wheels = [
    { url = "https://files.pythonhosted.org/packages/ec/57/56b9bcc3c9c6a792fcbaf139543cee77261f3651ca9da0c93f5c1221264b/python_dateutil-2.9.0.post0-py2.py3-none-any.whl", hash = "sha256:a8b2bc7bffae282281c8140a97d3aa9c14da0b136dfe83f850eea9a5f7470427", size = 229892 },
]

[[package]]
name = "pytz"
version = "2025.2"
source = { registry = "https://pypi.org/simple" }
sdist = { url = "https://files.pythonhosted.org/packages/f8/bf/abbd3cdfb8fbc7fb3d4d38d320f2441b1e7cbe29be4f23797b4a2b5d8aac/pytz-2025.2.tar.gz", hash = "sha256:360b9e3dbb49a209c21ad61809c7fb453643e048b38924c765813546746e81c3", size = 320884 }
wheels = [
    { url = "https://files.pythonhosted.org/packages/81/c4/34e93fe5f5429d7570ec1fa436f1986fb1f00c3e0f43a589fe2bbcd22c3f/pytz-2025.2-py2.py3-none-any.whl", hash = "sha256:5ddf76296dd8c44c26eb8f4b6f35488f3ccbf6fbbd7adee0b7262d43f0ec2f00", size = 509225 },
]

[[package]]
name = "repl-nix-workspace"
version = "0.1.0"
source = { virtual = "." }
dependencies = [
    { name = "openpyxl" },
    { name = "pandas" },
    { name = "psycopg2-binary" },
]

[package.metadata]
requires-dist = [
    { name = "openpyxl", specifier = ">=3.1.5" },
    { name = "pandas", specifier = ">=2.3.0" },
    { name = "psycopg2-binary", specifier = ">=2.9.10" },
]

[[package]]
name = "six"
version = "1.17.0"
source = { registry = "https://pypi.org/simple" }
sdist = { url = "https://files.pythonhosted.org/packages/94/e7/b2c673351809dca68a0e064b6af791aa332cf192da575fd474ed7d6f16a2/six-1.17.0.tar.gz", hash = "sha256:ff70335d468e7eb6ec65b95b99d3a2836546063f63acc5171de367e834932a81", size = 34031 }
wheels = [
    { url = "https://files.pythonhosted.org/packages/b7/ce/149a00dd41f10bc29e5921b496af8b574d8413afcd5e30dfa0ed46c2cc5e/six-1.17.0-py2.py3-none-any.whl", hash = "sha256:4721f391ed90541fddacab5acf947aa0d3dc7d27b2e1e8eda2be8970586c3274", size = 11050 },
]

[[package]]
name = "tzdata"
version = "2025.2"
source = { registry = "https://pypi.org/simple" }
sdist = { url = "https://files.pythonhosted.org/packages/95/32/1a225d6164441be760d75c2c42e2780dc0873fe382da3e98a2e1e48361e5/tzdata-2025.2.tar.gz", hash = "sha256:b60a638fcc0daffadf82fe0f57e53d06bdec2f36c4df66280ae79bce6bd6f2b9", size = 196380 }
wheels = [
    { url = "https://files.pythonhosted.org/packages/5c/23/c7abc0ca0a1526a0774eca151daeb8de62ec457e77262b66b359c3c7679e/tzdata-2025.2-py2.py3-none-any.whl", hash = "sha256:1a403fada01ff9221ca8044d701868fa132215d84beb92242d9acd2147f667a8", size = 347839 },
]
